
Microsoft Visual Studio Solution File, Format Version 12.00
# Visual Studio Version 16
VisualStudioVersion = 16.0.30320.27
MinimumVisualStudioVersion = 10.0.40219.1
Project("{FAE04EC0-301F-11D3-BF4B-00C04F79EFBC}") = "FirstXamarinProject.Android", "FirstXamarinProject\FirstXamarinProject.Android\FirstXamarinProject.Android.csproj", "{A3684DC7-FD1E-4C25-A07D-5283F5386820}"
EndProject
Project("{FAE04EC0-301F-11D3-BF4B-00C04F79EFBC}") = "FirstXamarinProject.iOS", "FirstXamarinProject\FirstXamarinProject.iOS\FirstXamarinProject.iOS.csproj", "{A72FFA97-AFFD-4C0F-AA22-53ACDA0AF15E}"
EndProject
Project("{FAE04EC0-301F-11D3-BF4B-00C04F79EFBC}") = "FirstXamarinProject", "FirstXamarinProject\FirstXamarinProject\FirstXamarinProject.csproj", "{BFFA2CFB-1261-40D8-A042-43176A1859C3}"
EndProject
Global
	GlobalSection(SolutionConfigurationPlatforms) = preSolution
		Debug|Any CPU = Debug|Any CPU
		Debug|iPhone = Debug|iPhone
		Debug|iPhoneSimulator = Debug|iPhoneSimulator
		Release|Any CPU = Release|Any CPU
		Release|iPhone = Release|iPhone
		Release|iPhoneSimulator = Release|iPhoneSimulator
	EndGlobalSection
	GlobalSection(ProjectConfigurationPlatforms) = postSolution
		{A3684DC7-FD1E-4C25-A07D-5283F5386820}.Debug|Any CPU.ActiveCfg = Debug|Any CPU
		{A3684DC7-FD1E-4C25-A07D-5283F5386820}.Debug|Any CPU.Build.0 = Debug|Any CPU
		{A3684DC7-FD1E-4C25-A07D-5283F5386820}.Debug|Any CPU.Deploy.0 = Debug|Any CPU
		{A3684DC7-FD1E-4C25-A07D-5283F5386820}.Debug|iPhone.ActiveCfg = Debug|Any CPU
		{A3684DC7-FD1E-4C25-A07D-5283F5386820}.Debug|iPhone.Build.0 = Debug|Any CPU
		{A3684DC7-FD1E-4C25-A07D-5283F5386820}.Debug|iPhone.Deploy.0 = Debug|Any CPU
		{A3684DC7-FD1E-4C25-A07D-5283F5386820}.Debug|iPhoneSimulator.ActiveCfg = Debug|Any CPU
		{A3684DC7-FD1E-4C25-A07D-5283F5386820}.Debug|iPhoneSimulator.Build.0 = Debug|Any CPU
		{A3684DC7-FD1E-4C25-A07D-5283F5386820}.Debug|iPhoneSimulator.Deploy.0 = Debug|Any CPU
		{A3684DC7-FD1E-4C25-A07D-5283F5386820}.Release|Any CPU.ActiveCfg = Release|Any CPU
		{A3684DC7-FD1E-4C25-A07D-5283F5386820}.Release|Any CPU.Build.0 = Release|Any CPU
		{A3684DC7-FD1E-4C25-A07D-5283F5386820}.Release|Any CPU.Deploy.0 = Release|Any CPU
		{A3684DC7-FD1E-4C25-A07D-5283F5386820}.Release|iPhone.ActiveCfg = Release|Any CPU
		{A3684DC7-FD1E-4C25-A07D-5283F5386820}.Release|iPhone.Build.0 = Release|Any CPU
		{A3684DC7-FD1E-4C25-A07D-5283F5386820}.Release|iPhone.Deploy.0 = Release|Any CPU
		{A3684DC7-FD1E-4C25-A07D-5283F5386820}.Release|iPhoneSimulator.ActiveCfg = Release|Any CPU
		{A3684DC7-FD1E-4C25-A07D-5283F5386820}.Release|iPhoneSimulator.Build.0 = Release|Any CPU
		{A3684DC7-FD1E-4C25-A07D-5283F5386820}.Release|iPhoneSimulator.Deploy.0 = Release|Any CPU
		{A72FFA97-AFFD-4C0F-AA22-53ACDA0AF15E}.Debug|Any CPU.ActiveCfg = Debug|iPhone
		{A72FFA97-AFFD-4C0F-AA22-53ACDA0AF15E}.Debug|Any CPU.Build.0 = Debug|iPhone
		{A72FFA97-AFFD-4C0F-AA22-53ACDA0AF15E}.Debug|Any CPU.Deploy.0 = Debug|iPhone
		{A72FFA97-AFFD-4C0F-AA22-53ACDA0AF15E}.Debug|iPhone.ActiveCfg = Debug|iPhone
		{A72FFA97-AFFD-4C0F-AA22-53ACDA0AF15E}.Debug|iPhone.Build.0 = Debug|iPhone
		{A72FFA97-AFFD-4C0F-AA22-53ACDA0AF15E}.Debug|iPhone.Deploy.0 = Debug|iPhone
		{A72FFA97-AFFD-4C0F-AA22-53ACDA0AF15E}.Debug|iPhoneSimulator.ActiveCfg = Debug|iPhoneSimulator
		{A72FFA97-AFFD-4C0F-AA22-53ACDA0AF15E}.Debug|iPhoneSimulator.Build.0 = Debug|iPhoneSimulator
		{A72FFA97-AFFD-4C0F-AA22-53ACDA0AF15E}.Debug|iPhoneSimulator.Deploy.0 = Debug|iPhoneSimulator
		{A72FFA97-AFFD-4C0F-AA22-53ACDA0AF15E}.Release|Any CPU.ActiveCfg = Release|iPhone
		{A72FFA97-AFFD-4C0F-AA22-53ACDA0AF15E}.Release|Any CPU.Build.0 = Release|iPhone
		{A72FFA97-AFFD-4C0F-AA22-53ACDA0AF15E}.Release|Any CPU.Deploy.0 = Release|iPhone
		{A72FFA97-AFFD-4C0F-AA22-53ACDA0AF15E}.Release|iPhone.ActiveCfg = Release|iPhone
		{A72FFA97-AFFD-4C0F-AA22-53ACDA0AF15E}.Release|iPhone.Build.0 = Release|iPhone
		{A72FFA97-AFFD-4C0F-AA22-53ACDA0AF15E}.Release|iPhone.Deploy.0 = Release|iPhone
		{A72FFA97-AFFD-4C0F-AA22-53ACDA0AF15E}.Release|iPhoneSimulator.ActiveCfg = Release|iPhoneSimulator
		{A72FFA97-AFFD-4C0F-AA22-53ACDA0AF15E}.Release|iPhoneSimulator.Build.0 = Release|iPhoneSimulator
		{A72FFA97-AFFD-4C0F-AA22-53ACDA0AF15E}.Release|iPhoneSimulator.Deploy.0 = Release|iPhoneSimulator
		{BFFA2CFB-1261-40D8-A042-43176A1859C3}.Debug|Any CPU.ActiveCfg = Debug|Any CPU
		{BFFA2CFB-1261-40D8-A042-43176A1859C3}.Debug|Any CPU.Build.0 = Debug|Any CPU
		{BFFA2CFB-1261-40D8-A042-43176A1859C3}.Debug|Any CPU.Deploy.0 = Debug|Any CPU
		{BFFA2CFB-1261-40D8-A042-43176A1859C3}.Debug|iPhone.ActiveCfg = Debug|Any CPU
		{BFFA2CFB-1261-40D8-A042-43176A1859C3}.Debug|iPhone.Build.0 = Debug|Any CPU
		{BFFA2CFB-1261-40D8-A042-43176A1859C3}.Debug|iPhone.Deploy.0 = Debug|Any CPU
		{BFFA2CFB-1261-40D8-A042-43176A1859C3}.Debug|iPhoneSimulator.ActiveCfg = Debug|Any CPU
		{BFFA2CFB-1261-40D8-A042-43176A1859C3}.Debug|iPhoneSimulator.Build.0 = Debug|Any CPU
		{BFFA2CFB-1261-40D8-A042-43176A1859C3}.Debug|iPhoneSimulator.Deploy.0 = Debug|Any CPU
		{BFFA2CFB-1261-40D8-A042-43176A1859C3}.Release|Any CPU.ActiveCfg = Release|Any CPU
		{BFFA2CFB-1261-40D8-A042-43176A1859C3}.Release|Any CPU.Build.0 = Release|Any CPU
		{BFFA2CFB-1261-40D8-A042-43176A1859C3}.Release|Any CPU.Deploy.0 = Release|Any CPU
		{BFFA2CFB-1261-40D8-A042-43176A1859C3}.Release|iPhone.ActiveCfg = Release|Any CPU
		{BFFA2CFB-1261-40D8-A042-43176A1859C3}.Release|iPhone.Build.0 = Release|Any CPU
		{BFFA2CFB-1261-40D8-A042-43176A1859C3}.Release|iPhone.Deploy.0 = Release|Any CPU
		{BFFA2CFB-1261-40D8-A042-43176A1859C3}.Release|iPhoneSimulator.ActiveCfg = Release|Any CPU
		{BFFA2CFB-1261-40D8-A042-43176A1859C3}.Release|iPhoneSimulator.Build.0 = Release|Any CPU
		{BFFA2CFB-1261-40D8-A042-43176A1859C3}.Release|iPhoneSimulator.Deploy.0 = Release|Any CPU
	EndGlobalSection
	GlobalSection(SolutionProperties) = preSolution
		HideSolutionNode = FALSE
	EndGlobalSection
	GlobalSection(ExtensibilityGlobals) = postSolution
		SolutionGuid = {B8F6FD43-7603-4667-8125-930290715DDB}
	EndGlobalSection
EndGlobal
